<?xml version="1.0" encoding="utf-8"?>
<Project ToolsVersion="4.0" xmlns="http://schemas.microsoft.com/developer/msbuild/2003">
  <ItemGroup>
    <Filter Include="Header Files">
      <UniqueIdentifier>{93995380-89BD-4b04-88EB-625FBE52EBFB}</UniqueIdentifier>
      <Extensions>h;hpp;hxx;hm;inl;inc;xsd</Extensions>
    </Filter>
    <Filter Include="Source Files">
      <UniqueIdentifier>{4FC737F1-C7A5-4376-A066-2A32D752A2FF}</UniqueIdentifier>
      <Extensions>cpp;c;cc;cxx;def;odl;idl;hpj;bat;asm;asmx</Extensions>
    </Filter>
  </ItemGroup>
  <ItemGroup>
    <ClInclude Include="animtable.h">
      <Filter>Header Files</Filter>
    </ClInclude>
    <ClInclude Include="cg_lights.h">
      <Filter>Header Files</Filter>
    </ClInclude>
    <ClInclude Include="cg_local.h">
      <Filter>Header Files</Filter>
    </ClInclude>
    <ClInclude Include="cg_public.h">
      <Filter>Header Files</Filter>
    </ClInclude>
    <ClInclude Include="fx_local.h">
      <Filter>Header Files</Filter>
    </ClInclude>
    <ClInclude Include="tr_types.h">
      <Filter>Header Files</Filter>
    </ClInclude>
    <ClInclude Include="..\game\anims.h">
      <Filter>Header Files</Filter>
    </ClInclude>
    <ClInclude Include="..\game\bg_local.h">
      <Filter>Header Files</Filter>
    </ClInclude>
    <ClInclude Include="..\game\bg_public.h">
      <Filter>Header Files</Filter>
    </ClInclude>
    <ClInclude Include="..\game\bg_saga.h">
      <Filter>Header Files</Filter>
    </ClInclude>
    <ClInclude Include="..\game\bg_weapons.h">
      <Filter>Header Files</Filter>
    </ClInclude>
    <ClInclude Include="..\game\q_shared.h">
      <Filter>Header Files</Filter>
    </ClInclude>
    <ClInclude Include="..\game\surfaceflags.h">
      <Filter>Header Files</Filter>
    </ClInclude>
    <ClInclude Include="..\ui\ui_shared.h">
      <Filter>Header Files</Filter>
    </ClInclude>
    <ClInclude Include="..\qcommon\disablewarnings.h">
      <Filter>Header Files</Filter>
    </ClInclude>
    <ClInclude Include="..\qcommon\qfiles.h">
      <Filter>Header Files</Filter>
    </ClInclude>
    <ClInclude Include="..\ghoul2\G2.h">
      <Filter>Header Files</Filter>
    </ClInclude>
    <ClInclude Include="..\ui\keycodes.h">
      <Filter>Header Files</Filter>
    </ClInclude>
    <ClInclude Include="..\qcommon\tags.h">
      <Filter>Header Files</Filter>
    </ClInclude>
    <ClInclude Include="..\..\ui\menudef.h">
      <Filter>Header Files</Filter>
    </ClInclude>
    <ClInclude Include="cg_demos.h">
      <Filter>Header Files</Filter>
    </ClInclude>
    <ClInclude Include="bg_demos.h">
      <Filter>Header Files</Filter>
    </ClInclude>
    <ClInclude Include="cg_demos_math.h">
      <Filter>Header Files</Filter>
    </ClInclude>
  </ItemGroup>
  <ItemGroup>
    <ClCompile Include="cg_consolecmds.c">
      <Filter>Source Files</Filter>
    </ClCompile>
    <ClCompile Include="cg_draw.c">
      <Filter>Source Files</Filter>
    </ClCompile>
    <ClCompile Include="cg_drawtools.c">
      <Filter>Source Files</Filter>
    </ClCompile>
    <ClCompile Include="cg_effects.c">
      <Filter>Source Files</Filter>
    </ClCompile>
    <ClCompile Include="cg_ents.c">
      <Filter>Source Files</Filter>
    </ClCompile>
    <ClCompile Include="cg_event.c">
      <Filter>Source Files</Filter>
    </ClCompile>
    <ClCompile Include="cg_info.c">
      <Filter>Source Files</Filter>
    </ClCompile>
    <ClCompile Include="cg_light.c">
      <Filter>Source Files</Filter>
    </ClCompile>
    <ClCompile Include="cg_localents.c">
      <Filter>Source Files</Filter>
    </ClCompile>
    <ClCompile Include="cg_main.c">
      <Filter>Source Files</Filter>
    </ClCompile>
    <ClCompile Include="cg_marks.c">
      <Filter>Source Files</Filter>
    </ClCompile>
    <ClCompile Include="cg_newDraw.c">
      <Filter>Source Files</Filter>
    </ClCompile>
    <ClCompile Include="cg_playeranimate.c">
      <Filter>Source Files</Filter>
    </ClCompile>
    <ClCompile Include="cg_players.c">
      <Filter>Source Files</Filter>
    </ClCompile>
    <ClCompile Include="cg_playerstate.c">
      <Filter>Source Files</Filter>
    </ClCompile>
    <ClCompile Include="cg_predict.c">
      <Filter>Source Files</Filter>
    </ClCompile>
    <ClCompile Include="cg_saga.c">
      <Filter>Source Files</Filter>
    </ClCompile>
    <ClCompile Include="cg_scoreboard.c">
      <Filter>Source Files</Filter>
    </ClCompile>
    <ClCompile Include="cg_servercmds.c">
      <Filter>Source Files</Filter>
    </ClCompile>
    <ClCompile Include="cg_snapshot.c">
      <Filter>Source Files</Filter>
    </ClCompile>
    <ClCompile Include="cg_syscalls.c">
      <Filter>Source Files</Filter>
    </ClCompile>
    <ClCompile Include="cg_turret.c">
      <Filter>Source Files</Filter>
    </ClCompile>
    <ClCompile Include="cg_view.c">
      <Filter>Source Files</Filter>
    </ClCompile>
    <ClCompile Include="cg_weaponinit.c">
      <Filter>Source Files</Filter>
    </ClCompile>
    <ClCompile Include="cg_weapons.c">
      <Filter>Source Files</Filter>
    </ClCompile>
    <ClCompile Include="fx_blaster.c">
      <Filter>Source Files</Filter>
    </ClCompile>
    <ClCompile Include="fx_bowcaster.c">
      <Filter>Source Files</Filter>
    </ClCompile>
    <ClCompile Include="fx_bryarpistol.c">
      <Filter>Source Files</Filter>
    </ClCompile>
    <ClCompile Include="fx_demp2.c">
      <Filter>Source Files</Filter>
    </ClCompile>
    <ClCompile Include="fx_disruptor.c">
      <Filter>Source Files</Filter>
    </ClCompile>
    <ClCompile Include="fx_flechette.c">
      <Filter>Source Files</Filter>
    </ClCompile>
    <ClCompile Include="fx_force.c">
      <Filter>Source Files</Filter>
    </ClCompile>
    <ClCompile Include="fx_heavyrepeater.c">
      <Filter>Source Files</Filter>
    </ClCompile>
    <ClCompile Include="fx_rocketlauncher.c">
      <Filter>Source Files</Filter>
    </ClCompile>
    <ClCompile Include="..\game\q_math.c">
      <Filter>Source Files</Filter>
    </ClCompile>
    <ClCompile Include="..\game\q_shared.c">
      <Filter>Source Files</Filter>
    </ClCompile>
    <ClCompile Include="..\ui\ui_shared.c">
      <Filter>Source Files</Filter>
    </ClCompile>
    <ClCompile Include="..\game\bg_misc.c">
      <Filter>Source Files</Filter>
    </ClCompile>
    <ClCompile Include="..\game\bg_panimate.c">
      <Filter>Source Files</Filter>
    </ClCompile>
    <ClCompile Include="..\game\bg_pmove.c">
      <Filter>Source Files</Filter>
    </ClCompile>
    <ClCompile Include="..\game\bg_saber.c">
      <Filter>Source Files</Filter>
    </ClCompile>
    <ClCompile Include="..\game\bg_slidemove.c">
      <Filter>Source Files</Filter>
    </ClCompile>
    <ClCompile Include="..\game\bg_weapons.c">
      <Filter>Source Files</Filter>
    </ClCompile>
    <ClCompile Include="cg_demos.c">
      <Filter>Source Files</Filter>
    </ClCompile>
    <ClCompile Include="cg_demos_camera.c">
      <Filter>Source Files</Filter>
    </ClCompile>
    <ClCompile Include="cg_demos_capture.c">
      <Filter>Source Files</Filter>
    </ClCompile>
    <ClCompile Include="cg_demos_hud.c">
      <Filter>Source Files</Filter>
    </ClCompile>
    <ClCompile Include="cg_demos_line.c">
      <Filter>Source Files</Filter>
    </ClCompile>
    <ClCompile Include="cg_demos_math.c">
      <Filter>Source Files</Filter>
    </ClCompile>
    <ClCompile Include="cg_demos_move.c">
      <Filter>Source Files</Filter>
    </ClCompile>
    <ClCompile Include="bg_demos.c">
      <Filter>Source Files</Filter>
    </ClCompile>
    <ClCompile Include="cg_demos_dof.c">
      <Filter>Source Files</Filter>
    </ClCompile>
  </ItemGroup>
  <ItemGroup>
    <None Include="JK2_cgame.def">
      <Filter>Header Files</Filter>
    </None>
  </ItemGroup>
</Project>