<?xml version="1.0" encoding="utf-8"?>
<Project ToolsVersion="4.0" xmlns="http://schemas.microsoft.com/developer/msbuild/2003">
  <ItemGroup>
    <Filter Include="botlib">
      <UniqueIdentifier>{9440006a-0881-4a8b-9312-d7d31a754902}</UniqueIdentifier>
    </Filter>
    <Filter Include="Common">
      <UniqueIdentifier>{56d74d62-2dc8-4d32-91ca-e9c3182b393e}</UniqueIdentifier>
    </Filter>
    <Filter Include="Ghoul2">
      <UniqueIdentifier>{74b345a6-89f8-4866-b114-b343849df31d}</UniqueIdentifier>
    </Filter>
    <Filter Include="Null">
      <UniqueIdentifier>{11d6d9a9-a86b-47b9-9f6d-72003c2e240c}</UniqueIdentifier>
    </Filter>
    <Filter Include="Renderer">
      <UniqueIdentifier>{4d90e93d-11c8-4663-96e6-0b4180abb24d}</UniqueIdentifier>
    </Filter>
    <Filter Include="Server">
      <UniqueIdentifier>{7f68eb29-e489-432e-b4cd-516a55801b74}</UniqueIdentifier>
    </Filter>
    <Filter Include="Win32">
      <UniqueIdentifier>{2422dbc0-70f0-48b1-96a7-01cea42398f1}</UniqueIdentifier>
    </Filter>
    <Filter Include="headers">
      <UniqueIdentifier>{93995380-89BD-4b04-88EB-625FBE52EBFB}</UniqueIdentifier>
      <Extensions>h;hpp;hxx;hm;inl;inc;xsd</Extensions>
    </Filter>
  </ItemGroup>
  <ItemGroup>
    <ClInclude Include="game\anims.h">
      <Filter>headers</Filter>
    </ClInclude>
    <ClInclude Include="game\be_aas.h">
      <Filter>headers</Filter>
    </ClInclude>
    <ClInclude Include="game\be_ai_char.h">
      <Filter>headers</Filter>
    </ClInclude>
    <ClInclude Include="game\be_ai_chat.h">
      <Filter>headers</Filter>
    </ClInclude>
    <ClInclude Include="game\be_ai_gen.h">
      <Filter>headers</Filter>
    </ClInclude>
    <ClInclude Include="game\be_ai_goal.h">
      <Filter>headers</Filter>
    </ClInclude>
    <ClInclude Include="game\be_ai_move.h">
      <Filter>headers</Filter>
    </ClInclude>
    <ClInclude Include="game\be_ai_weap.h">
      <Filter>headers</Filter>
    </ClInclude>
    <ClInclude Include="game\be_ea.h">
      <Filter>headers</Filter>
    </ClInclude>
    <ClInclude Include="game\bg_public.h">
      <Filter>headers</Filter>
    </ClInclude>
    <ClInclude Include="game\bg_weapons.h">
      <Filter>headers</Filter>
    </ClInclude>
    <ClInclude Include="game\botlib.h">
      <Filter>headers</Filter>
    </ClInclude>
    <ClInclude Include="game\g_public.h">
      <Filter>headers</Filter>
    </ClInclude>
    <ClInclude Include="game\q_shared.h">
      <Filter>headers</Filter>
    </ClInclude>
    <ClInclude Include="game\surfaceflags.h">
      <Filter>headers</Filter>
    </ClInclude>
    <ClInclude Include="cgame\cg_public.h">
      <Filter>headers</Filter>
    </ClInclude>
    <ClInclude Include="cgame\tr_types.h">
      <Filter>headers</Filter>
    </ClInclude>
    <ClInclude Include="encryption\encryption.h">
      <Filter>headers</Filter>
    </ClInclude>
    <ClInclude Include="client\client.h">
      <Filter>headers</Filter>
    </ClInclude>
    <ClInclude Include="client\keys.h">
      <Filter>headers</Filter>
    </ClInclude>
    <ClInclude Include="client\snd_public.h">
      <Filter>headers</Filter>
    </ClInclude>
    <ClInclude Include="jpeg-6\jconfig.h">
      <Filter>headers</Filter>
    </ClInclude>
    <ClInclude Include="jpeg-6\jerror.h">
      <Filter>headers</Filter>
    </ClInclude>
    <ClInclude Include="jpeg-6\jmorecfg.h">
      <Filter>headers</Filter>
    </ClInclude>
    <ClInclude Include="jpeg-6\jpegint.h">
      <Filter>headers</Filter>
    </ClInclude>
    <ClInclude Include="jpeg-6\jpeglib.h">
      <Filter>headers</Filter>
    </ClInclude>
    <ClInclude Include="ui\keycodes.h">
      <Filter>headers</Filter>
    </ClInclude>
    <ClInclude Include="ui\ui_public.h">
      <Filter>headers</Filter>
    </ClInclude>
    <ClInclude Include="renderer\matcomp.h">
      <Filter>headers</Filter>
    </ClInclude>
    <ClInclude Include="renderer\mdx_format.h">
      <Filter>headers</Filter>
    </ClInclude>
    <ClInclude Include="renderer\qgl.h">
      <Filter>headers</Filter>
    </ClInclude>
    <ClInclude Include="renderer\tr_font.h">
      <Filter>headers</Filter>
    </ClInclude>
    <ClInclude Include="renderer\tr_local.h">
      <Filter>headers</Filter>
    </ClInclude>
    <ClInclude Include="renderer\tr_public.h">
      <Filter>headers</Filter>
    </ClInclude>
    <ClInclude Include="win32\win_local.h">
      <Filter>headers</Filter>
    </ClInclude>
    <ClInclude Include="png\png.h">
      <Filter>headers</Filter>
    </ClInclude>
    <ClInclude Include="strings\str_server.h">
      <Filter>headers</Filter>
    </ClInclude>
    <ClInclude Include="botlib\aasfile.h">
      <Filter>botlib</Filter>
    </ClInclude>
    <ClInclude Include="botlib\be_aas_bsp.h">
      <Filter>botlib</Filter>
    </ClInclude>
    <ClInclude Include="botlib\be_aas_cluster.h">
      <Filter>botlib</Filter>
    </ClInclude>
    <ClInclude Include="botlib\be_aas_debug.h">
      <Filter>botlib</Filter>
    </ClInclude>
    <ClInclude Include="botlib\be_aas_def.h">
      <Filter>botlib</Filter>
    </ClInclude>
    <ClInclude Include="botlib\be_aas_entity.h">
      <Filter>botlib</Filter>
    </ClInclude>
    <ClInclude Include="botlib\be_aas_file.h">
      <Filter>botlib</Filter>
    </ClInclude>
    <ClInclude Include="botlib\be_aas_funcs.h">
      <Filter>botlib</Filter>
    </ClInclude>
    <ClInclude Include="botlib\be_aas_main.h">
      <Filter>botlib</Filter>
    </ClInclude>
    <ClInclude Include="botlib\be_aas_move.h">
      <Filter>botlib</Filter>
    </ClInclude>
    <ClInclude Include="botlib\be_aas_optimize.h">
      <Filter>botlib</Filter>
    </ClInclude>
    <ClInclude Include="botlib\be_aas_reach.h">
      <Filter>botlib</Filter>
    </ClInclude>
    <ClInclude Include="botlib\be_aas_route.h">
      <Filter>botlib</Filter>
    </ClInclude>
    <ClInclude Include="botlib\be_aas_routealt.h">
      <Filter>botlib</Filter>
    </ClInclude>
    <ClInclude Include="botlib\be_aas_sample.h">
      <Filter>botlib</Filter>
    </ClInclude>
    <ClInclude Include="botlib\be_ai_weight.h">
      <Filter>botlib</Filter>
    </ClInclude>
    <ClInclude Include="botlib\be_interface.h">
      <Filter>botlib</Filter>
    </ClInclude>
    <ClInclude Include="botlib\l_crc.h">
      <Filter>botlib</Filter>
    </ClInclude>
    <ClInclude Include="botlib\l_libvar.h">
      <Filter>botlib</Filter>
    </ClInclude>
    <ClInclude Include="botlib\l_log.h">
      <Filter>botlib</Filter>
    </ClInclude>
    <ClInclude Include="botlib\l_memory.h">
      <Filter>botlib</Filter>
    </ClInclude>
    <ClInclude Include="botlib\l_precomp.h">
      <Filter>botlib</Filter>
    </ClInclude>
    <ClInclude Include="botlib\l_script.h">
      <Filter>botlib</Filter>
    </ClInclude>
    <ClInclude Include="botlib\l_struct.h">
      <Filter>botlib</Filter>
    </ClInclude>
    <ClInclude Include="botlib\l_utils.h">
      <Filter>botlib</Filter>
    </ClInclude>
    <ClInclude Include="qcommon\chash.h">
      <Filter>Common</Filter>
    </ClInclude>
    <ClInclude Include="qcommon\cm_local.h">
      <Filter>Common</Filter>
    </ClInclude>
    <ClInclude Include="qcommon\cm_patch.h">
      <Filter>Common</Filter>
    </ClInclude>
    <ClInclude Include="qcommon\cm_polylib.h">
      <Filter>Common</Filter>
    </ClInclude>
    <ClInclude Include="qcommon\cm_public.h">
      <Filter>Common</Filter>
    </ClInclude>
    <ClInclude Include="qcommon\disablewarnings.h">
      <Filter>Common</Filter>
    </ClInclude>
    <ClInclude Include="qcommon\game_version.h">
      <Filter>Common</Filter>
    </ClInclude>
    <ClInclude Include="qcommon\MiniHeap.h">
      <Filter>Common</Filter>
    </ClInclude>
    <ClInclude Include="qcommon\qcommon.h">
      <Filter>Common</Filter>
    </ClInclude>
    <ClInclude Include="qcommon\qfiles.h">
      <Filter>Common</Filter>
    </ClInclude>
    <ClInclude Include="qcommon\RoffSystem.h">
      <Filter>Common</Filter>
    </ClInclude>
    <ClInclude Include="qcommon\sstring.h">
      <Filter>Common</Filter>
    </ClInclude>
    <ClInclude Include="qcommon\strip.h">
      <Filter>Common</Filter>
    </ClInclude>
    <ClInclude Include="qcommon\tags.h">
      <Filter>Common</Filter>
    </ClInclude>
    <ClInclude Include="qcommon\unzip.h">
      <Filter>Common</Filter>
    </ClInclude>
    <ClInclude Include="qcommon\vm_local.h">
      <Filter>Common</Filter>
    </ClInclude>
    <ClInclude Include="ghoul2\G2.h">
      <Filter>Ghoul2</Filter>
    </ClInclude>
    <ClInclude Include="ghoul2\G2_gore.h">
      <Filter>Ghoul2</Filter>
    </ClInclude>
    <ClInclude Include="ghoul2\G2_local.h">
      <Filter>Ghoul2</Filter>
    </ClInclude>
    <ClInclude Include="ghoul2\ghoul2_shared.h">
      <Filter>Ghoul2</Filter>
    </ClInclude>
    <ClInclude Include="server\server.h">
      <Filter>Server</Filter>
    </ClInclude>
  </ItemGroup>
  <ItemGroup>
    <ClCompile Include="botlib\be_aas_bspq3.cpp">
      <Filter>botlib</Filter>
    </ClCompile>
    <ClCompile Include="botlib\be_aas_cluster.cpp">
      <Filter>botlib</Filter>
    </ClCompile>
    <ClCompile Include="botlib\be_aas_debug.cpp">
      <Filter>botlib</Filter>
    </ClCompile>
    <ClCompile Include="botlib\be_aas_entity.cpp">
      <Filter>botlib</Filter>
    </ClCompile>
    <ClCompile Include="botlib\be_aas_file.cpp">
      <Filter>botlib</Filter>
    </ClCompile>
    <ClCompile Include="botlib\be_aas_main.cpp">
      <Filter>botlib</Filter>
    </ClCompile>
    <ClCompile Include="botlib\be_aas_move.cpp">
      <Filter>botlib</Filter>
    </ClCompile>
    <ClCompile Include="botlib\be_aas_optimize.cpp">
      <Filter>botlib</Filter>
    </ClCompile>
    <ClCompile Include="botlib\be_aas_reach.cpp">
      <Filter>botlib</Filter>
    </ClCompile>
    <ClCompile Include="botlib\be_aas_route.cpp">
      <Filter>botlib</Filter>
    </ClCompile>
    <ClCompile Include="botlib\be_aas_routealt.cpp">
      <Filter>botlib</Filter>
    </ClCompile>
    <ClCompile Include="botlib\be_aas_sample.cpp">
      <Filter>botlib</Filter>
    </ClCompile>
    <ClCompile Include="botlib\be_ai_char.cpp">
      <Filter>botlib</Filter>
    </ClCompile>
    <ClCompile Include="botlib\be_ai_chat.cpp">
      <Filter>botlib</Filter>
    </ClCompile>
    <ClCompile Include="botlib\be_ai_gen.cpp">
      <Filter>botlib</Filter>
    </ClCompile>
    <ClCompile Include="botlib\be_ai_goal.cpp">
      <Filter>botlib</Filter>
    </ClCompile>
    <ClCompile Include="botlib\be_ai_move.cpp">
      <Filter>botlib</Filter>
    </ClCompile>
    <ClCompile Include="botlib\be_ai_weap.cpp">
      <Filter>botlib</Filter>
    </ClCompile>
    <ClCompile Include="botlib\be_ai_weight.cpp">
      <Filter>botlib</Filter>
    </ClCompile>
    <ClCompile Include="botlib\be_ea.cpp">
      <Filter>botlib</Filter>
    </ClCompile>
    <ClCompile Include="botlib\be_interface.cpp">
      <Filter>botlib</Filter>
    </ClCompile>
    <ClCompile Include="botlib\l_crc.cpp">
      <Filter>botlib</Filter>
    </ClCompile>
    <ClCompile Include="botlib\l_libvar.cpp">
      <Filter>botlib</Filter>
    </ClCompile>
    <ClCompile Include="botlib\l_log.cpp">
      <Filter>botlib</Filter>
    </ClCompile>
    <ClCompile Include="botlib\l_memory.cpp">
      <Filter>botlib</Filter>
    </ClCompile>
    <ClCompile Include="botlib\l_precomp.cpp">
      <Filter>botlib</Filter>
    </ClCompile>
    <ClCompile Include="botlib\l_script.cpp">
      <Filter>botlib</Filter>
    </ClCompile>
    <ClCompile Include="botlib\l_struct.cpp">
      <Filter>botlib</Filter>
    </ClCompile>
    <ClCompile Include="qcommon\cm_load.cpp">
      <Filter>Common</Filter>
    </ClCompile>
    <ClCompile Include="qcommon\cm_patch.cpp">
      <Filter>Common</Filter>
    </ClCompile>
    <ClCompile Include="qcommon\cm_polylib.cpp">
      <Filter>Common</Filter>
    </ClCompile>
    <ClCompile Include="qcommon\cm_test.cpp">
      <Filter>Common</Filter>
    </ClCompile>
    <ClCompile Include="qcommon\cm_trace.cpp">
      <Filter>Common</Filter>
    </ClCompile>
    <ClCompile Include="qcommon\cmd.cpp">
      <Filter>Common</Filter>
    </ClCompile>
    <ClCompile Include="qcommon\common.cpp">
      <Filter>Common</Filter>
    </ClCompile>
    <ClCompile Include="qcommon\cvar.cpp">
      <Filter>Common</Filter>
    </ClCompile>
    <ClCompile Include="qcommon\files.cpp">
      <Filter>Common</Filter>
    </ClCompile>
    <ClCompile Include="qcommon\md4.cpp">
      <Filter>Common</Filter>
    </ClCompile>
    <ClCompile Include="qcommon\msg.cpp">
      <Filter>Common</Filter>
    </ClCompile>
    <ClCompile Include="qcommon\net_chan.cpp">
      <Filter>Common</Filter>
    </ClCompile>
    <ClCompile Include="qcommon\q_math.cpp">
      <Filter>Common</Filter>
    </ClCompile>
    <ClCompile Include="qcommon\q_shared.cpp">
      <Filter>Common</Filter>
    </ClCompile>
    <ClCompile Include="qcommon\RoffSystem.cpp">
      <Filter>Common</Filter>
    </ClCompile>
    <ClCompile Include="qcommon\strip.cpp">
      <Filter>Common</Filter>
    </ClCompile>
    <ClCompile Include="qcommon\unzip.cpp">
      <Filter>Common</Filter>
    </ClCompile>
    <ClCompile Include="qcommon\vm.cpp">
      <Filter>Common</Filter>
    </ClCompile>
    <ClCompile Include="qcommon\vm_interpreted.cpp">
      <Filter>Common</Filter>
    </ClCompile>
    <ClCompile Include="qcommon\vm_x86.cpp">
      <Filter>Common</Filter>
    </ClCompile>
    <ClCompile Include="qcommon\huffman.cpp">
      <Filter>Common</Filter>
    </ClCompile>
    <ClCompile Include="ghoul2\G2_API.cpp">
      <Filter>Ghoul2</Filter>
    </ClCompile>
    <ClCompile Include="ghoul2\G2_bolts.cpp">
      <Filter>Ghoul2</Filter>
    </ClCompile>
    <ClCompile Include="ghoul2\G2_bones.cpp">
      <Filter>Ghoul2</Filter>
    </ClCompile>
    <ClCompile Include="ghoul2\G2_misc.cpp">
      <Filter>Ghoul2</Filter>
    </ClCompile>
    <ClCompile Include="ghoul2\G2_surfaces.cpp">
      <Filter>Ghoul2</Filter>
    </ClCompile>
    <ClCompile Include="null\null_client.cpp">
      <Filter>Null</Filter>
    </ClCompile>
    <ClCompile Include="null\null_glimp.cpp">
      <Filter>Null</Filter>
    </ClCompile>
    <ClCompile Include="null\null_input.cpp">
      <Filter>Null</Filter>
    </ClCompile>
    <ClCompile Include="null\null_renderer.cpp">
      <Filter>Null</Filter>
    </ClCompile>
    <ClCompile Include="null\null_snddma.cpp">
      <Filter>Null</Filter>
    </ClCompile>
    <ClCompile Include="null\win_main.cpp">
      <Filter>Null</Filter>
    </ClCompile>
    <ClCompile Include="renderer\matcomp.c">
      <Filter>Renderer</Filter>
    </ClCompile>
    <ClCompile Include="renderer\tr_backend.cpp">
      <Filter>Renderer</Filter>
    </ClCompile>
    <ClCompile Include="renderer\tr_ghoul2.cpp">
      <Filter>Renderer</Filter>
    </ClCompile>
    <ClCompile Include="renderer\tr_image.cpp">
      <Filter>Renderer</Filter>
    </ClCompile>
    <ClCompile Include="renderer\tr_init.cpp">
      <Filter>Renderer</Filter>
    </ClCompile>
    <ClCompile Include="renderer\tr_main.cpp">
      <Filter>Renderer</Filter>
    </ClCompile>
    <ClCompile Include="renderer\tr_mesh.cpp">
      <Filter>Renderer</Filter>
    </ClCompile>
    <ClCompile Include="renderer\tr_model.cpp">
      <Filter>Renderer</Filter>
    </ClCompile>
    <ClCompile Include="renderer\tr_shader.cpp">
      <Filter>Renderer</Filter>
    </ClCompile>
    <ClCompile Include="server\sv_bot.cpp">
      <Filter>Server</Filter>
    </ClCompile>
    <ClCompile Include="server\sv_ccmds.cpp">
      <Filter>Server</Filter>
    </ClCompile>
    <ClCompile Include="server\sv_client.cpp">
      <Filter>Server</Filter>
    </ClCompile>
    <ClCompile Include="server\sv_game.cpp">
      <Filter>Server</Filter>
    </ClCompile>
    <ClCompile Include="server\sv_init.cpp">
      <Filter>Server</Filter>
    </ClCompile>
    <ClCompile Include="server\sv_main.cpp">
      <Filter>Server</Filter>
    </ClCompile>
    <ClCompile Include="server\sv_net_chan.cpp">
      <Filter>Server</Filter>
    </ClCompile>
    <ClCompile Include="server\sv_snapshot.cpp">
      <Filter>Server</Filter>
    </ClCompile>
    <ClCompile Include="server\sv_world.cpp">
      <Filter>Server</Filter>
    </ClCompile>
    <ClCompile Include="win32\win_net.cpp">
      <Filter>Win32</Filter>
    </ClCompile>
    <ClCompile Include="win32\win_shared.cpp">
      <Filter>Win32</Filter>
    </ClCompile>
  </ItemGroup>
</Project>